
Microsoft Visual Studio Solution File, Format Version 12.00
# Visual Studio 15
VisualStudioVersion = 15.0.26730.12
MinimumVisualStudioVersion = 10.0.40219.1
Project("{2150E333-8FDC-42A3-9474-1A3956D46DE8}") = "Tests", "Tests", "{011C466C-D03A-41C7-B4E2-D236AF27B90D}"
EndProject
Project("{FAE04EC0-301F-11D3-BF4B-00C04F79EFBC}") = "SaidOut.DataValidation.ParameterGuard", "src\SaidOut.DataValidation.ParameterGuard\SaidOut.DataValidation.ParameterGuard.csproj", "{9421435E-F537-4C91-9023-A4E11229A793}"
EndProject
Project("{FAE04EC0-301F-11D3-BF4B-00C04F79EFBC}") = "SaidOut.DataValidation.ParameterGuard.Tests", "test\SaidOut.DataValidation.ParameterGuard.Tests\SaidOut.DataValidation.ParameterGuard.Tests.csproj", "{4366F679-B28E-45AC-BB05-6EDE3FF074B2}"
EndProject
Project("{2150E333-8FDC-42A3-9474-1A3956D46DE8}") = "Solution Items", "Solution Items", "{920E365E-5C03-433B-AA67-C629758901E0}"
	ProjectSection(SolutionItems) = preProject
		LICENSE = LICENSE
		README.md = README.md
		saidout_icon32x32.png = saidout_icon32x32.png
	EndProjectSection
EndProject
Global
	GlobalSection(SolutionConfigurationPlatforms) = preSolution
		Debug|Any CPU = Debug|Any CPU
		Release|Any CPU = Release|Any CPU
	EndGlobalSection
	GlobalSection(ProjectConfigurationPlatforms) = postSolution
		{9421435E-F537-4C91-9023-A4E11229A793}.Debug|Any CPU.ActiveCfg = Debug|Any CPU
		{9421435E-F537-4C91-9023-A4E11229A793}.Debug|Any CPU.Build.0 = Debug|Any CPU
		{9421435E-F537-4C91-9023-A4E11229A793}.Release|Any CPU.ActiveCfg = Release|Any CPU
		{9421435E-F537-4C91-9023-A4E11229A793}.Release|Any CPU.Build.0 = Release|Any CPU
		{4366F679-B28E-45AC-BB05-6EDE3FF074B2}.Debug|Any CPU.ActiveCfg = Debug|Any CPU
		{4366F679-B28E-45AC-BB05-6EDE3FF074B2}.Debug|Any CPU.Build.0 = Debug|Any CPU
		{4366F679-B28E-45AC-BB05-6EDE3FF074B2}.Release|Any CPU.ActiveCfg = Release|Any CPU
		{4366F679-B28E-45AC-BB05-6EDE3FF074B2}.Release|Any CPU.Build.0 = Release|Any CPU
	EndGlobalSection
	GlobalSection(SolutionProperties) = preSolution
		HideSolutionNode = FALSE
	EndGlobalSection
	GlobalSection(NestedProjects) = preSolution
		{4366F679-B28E-45AC-BB05-6EDE3FF074B2} = {011C466C-D03A-41C7-B4E2-D236AF27B90D}
	EndGlobalSection
	GlobalSection(ExtensibilityGlobals) = postSolution
		SolutionGuid = {5AF96BCF-7BA7-460A-8E27-ABC6EF621947}
	EndGlobalSection
EndGlobal
